
Microsoft Visual Studio Solution File, Format Version 12.00
# Visual Studio Version 16
VisualStudioVersion = 16.0.29411.108
MinimumVisualStudioVersion = 10.0.40219.1
Project("{FAE04EC0-301F-11D3-BF4B-00C04F79EFBC}") = "DataEater", "DataEater\DataEater.csproj", "{6ACC2822-C80E-4688-A1B0-569468DF1F39}"
EndProject
Global
	GlobalSection(SolutionConfigurationPlatforms) = preSolution
		Debug|Any CPU = Debug|Any CPU
		Release|Any CPU = Release|Any CPU
	EndGlobalSection
	GlobalSection(ProjectConfigurationPlatforms) = postSolution
		{6ACC2822-C80E-4688-A1B0-569468DF1F39}.Debug|Any CPU.ActiveCfg = Debug|Any CPU
		{6ACC2822-C80E-4688-A1B0-569468DF1F39}.Debug|Any CPU.Build.0 = Debug|Any CPU
		{6ACC2822-C80E-4688-A1B0-569468DF1F39}.Release|Any CPU.ActiveCfg = Release|Any CPU
		{6ACC2822-C80E-4688-A1B0-569468DF1F39}.Release|Any CPU.Build.0 = Release|Any CPU
	EndGlobalSection
	GlobalSection(SolutionProperties) = preSolution
		HideSolutionNode = FALSE
	EndGlobalSection
	GlobalSection(ExtensibilityGlobals) = postSolution
		SolutionGuid = {91CFED7F-C72F-4DF4-AC4E-6C242CE19480}
	EndGlobalSection
EndGlobal
